
Microsoft Visual Studio Solution File, Format Version 12.00
# Visual Studio Version 16
VisualStudioVersion = 16.0.30309.148
MinimumVisualStudioVersion = 10.0.40219.1
Project("{FAE04EC0-301F-11D3-BF4B-00C04F79EFBC}") = "UserManagement.WebApi", "UserManagement.WebApi\UserManagement.WebApi.csproj", "{F9F99619-F37F-413A-8E23-AAA6F5F3A4BF}"
EndProject
Global
	GlobalSection(SolutionConfigurationPlatforms) = preSolution
		Debug|Any CPU = Debug|Any CPU
		Release|Any CPU = Release|Any CPU
	EndGlobalSection
	GlobalSection(ProjectConfigurationPlatforms) = postSolution
		{F9F99619-F37F-413A-8E23-AAA6F5F3A4BF}.Debug|Any CPU.ActiveCfg = Debug|Any CPU
		{F9F99619-F37F-413A-8E23-AAA6F5F3A4BF}.Debug|Any CPU.Build.0 = Debug|Any CPU
		{F9F99619-F37F-413A-8E23-AAA6F5F3A4BF}.Release|Any CPU.ActiveCfg = Release|Any CPU
		{F9F99619-F37F-413A-8E23-AAA6F5F3A4BF}.Release|Any CPU.Build.0 = Release|Any CPU
	EndGlobalSection
	GlobalSection(SolutionProperties) = preSolution
		HideSolutionNode = FALSE
	EndGlobalSection
	GlobalSection(ExtensibilityGlobals) = postSolution
		SolutionGuid = {9A46BFEC-8169-4305-84C0-988B836731C1}
	EndGlobalSection
EndGlobal
